<?xml version="1.0" encoding="utf-8"?>
<Project ToolsVersion="4.0" xmlns="http://schemas.microsoft.com/developer/msbuild/2003">
  <ItemGroup>
    <Filter Include="源文件">
      <UniqueIdentifier>{4FC737F1-C7A5-4376-A066-2A32D752A2FF}</UniqueIdentifier>
      <Extensions>cpp;c;cc;cxx;def;odl;idl;hpj;bat;asm;asmx</Extensions>
    </Filter>
    <Filter Include="头文件">
      <UniqueIdentifier>{93995380-89BD-4b04-88EB-625FBE52EBFB}</UniqueIdentifier>
      <Extensions>h;hh;hpp;hxx;hm;inl;inc;xsd</Extensions>
    </Filter>
    <Filter Include="资源文件">
      <UniqueIdentifier>{67DA6AB6-F800-4c08-8B7A-83BB121AAD01}</UniqueIdentifier>
      <Extensions>rc;ico;cur;bmp;dlg;rc2;rct;bin;rgs;gif;jpg;jpeg;jpe;resx;tiff;tif;png;wav;mfcribbon-ms</Extensions>
    </Filter>
    <Filter Include="头文件\Control">
      <UniqueIdentifier>{574f1fda-b62a-4796-8eaf-f2074f2998ae}</UniqueIdentifier>
    </Filter>
    <Filter Include="头文件\Core">
      <UniqueIdentifier>{cb6f8de1-6789-4133-a518-ac228495c5e8}</UniqueIdentifier>
    </Filter>
    <Filter Include="头文件\Layout">
      <UniqueIdentifier>{817a713e-c400-48bb-9fdf-48a9b9a33124}</UniqueIdentifier>
    </Filter>
    <Filter Include="源文件\Control">
      <UniqueIdentifier>{8002306b-e431-46b7-b08c-3ce01daab94e}</UniqueIdentifier>
    </Filter>
    <Filter Include="源文件\Core">
      <UniqueIdentifier>{f038fec4-1748-449c-98af-5d44177dd748}</UniqueIdentifier>
    </Filter>
    <Filter Include="源文件\Layout">
      <UniqueIdentifier>{f25677ca-a12f-4bdc-8edf-9dbb451dd314}</UniqueIdentifier>
    </Filter>
  </ItemGroup>
  <ItemGroup>
    <ClInclude Include="UILib.h">
      <Filter>头文件</Filter>
    </ClInclude>
    <ClInclude Include="StdAfx.h">
      <Filter>头文件</Filter>
    </ClInclude>
    <ClInclude Include="Internal.h">
      <Filter>头文件</Filter>
    </ClInclude>
    <ClInclude Include="UIAnim.h">
      <Filter>头文件</Filter>
    </ClInclude>
    <ClInclude Include="UITab.h">
      <Filter>头文件</Filter>
    </ClInclude>
    <ClInclude Include="UIDecoration.h">
      <Filter>头文件</Filter>
    </ClInclude>
    <ClInclude Include="UIBase.h">
      <Filter>头文件\Core</Filter>
    </ClInclude>
    <ClInclude Include="UIContainer.h">
      <Filter>头文件\Core</Filter>
    </ClInclude>
    <ClInclude Include="UIRender.h">
      <Filter>头文件\Core</Filter>
    </ClInclude>
    <ClInclude Include="UIManager.h">
      <Filter>头文件\Core</Filter>
    </ClInclude>
    <ClInclude Include="UIMarkup.h">
      <Filter>头文件\Core</Filter>
    </ClInclude>
    <ClInclude Include="UIActiveX.h">
      <Filter>头文件\Control</Filter>
    </ClInclude>
    <ClInclude Include="UIButton.h">
      <Filter>头文件\Control</Filter>
    </ClInclude>
    <ClInclude Include="UICombo.h">
      <Filter>头文件\Control</Filter>
    </ClInclude>
    <ClInclude Include="UIEdit.h">
      <Filter>头文件\Control</Filter>
    </ClInclude>
    <ClInclude Include="UILabel.h">
      <Filter>头文件\Control</Filter>
    </ClInclude>
    <ClInclude Include="UIHorizontalLayout.h">
      <Filter>头文件\Layout</Filter>
    </ClInclude>
    <ClInclude Include="UIVerticalLayout.h">
      <Filter>头文件\Layout</Filter>
    </ClInclude>
    <ClInclude Include="UITileLayout.h">
      <Filter>头文件\Layout</Filter>
    </ClInclude>
    <ClInclude Include="UIList.h">
      <Filter>头文件\Control</Filter>
    </ClInclude>
    <ClInclude Include="UIPanel.h">
      <Filter>头文件\Control</Filter>
    </ClInclude>
    <ClInclude Include="UITool.h">
      <Filter>头文件</Filter>
    </ClInclude>
    <ClInclude Include="UIDialogLayout.h">
      <Filter>头文件\Layout</Filter>
    </ClInclude>
    <ClInclude Include="UIDlgBuilder.h">
      <Filter>头文件\Core</Filter>
    </ClInclude>
  </ItemGroup>
  <ItemGroup>
    <ClCompile Include="UIAnim.cpp">
      <Filter>源文件</Filter>
    </ClCompile>
    <ClCompile Include="UITab.cpp">
      <Filter>源文件</Filter>
    </ClCompile>
    <ClCompile Include="UIDecoration.cpp">
      <Filter>源文件</Filter>
    </ClCompile>
    <ClCompile Include="UIRender.cpp">
      <Filter>源文件</Filter>
    </ClCompile>
    <ClCompile Include="UIBase.cpp">
      <Filter>源文件\Core</Filter>
    </ClCompile>
    <ClCompile Include="UIContainer.cpp">
      <Filter>源文件\Core</Filter>
    </ClCompile>
    <ClCompile Include="UIManager.cpp">
      <Filter>源文件\Core</Filter>
    </ClCompile>
    <ClCompile Include="UIMarkup.cpp">
      <Filter>源文件\Core</Filter>
    </ClCompile>
    <ClCompile Include="UIActiveX.cpp">
      <Filter>源文件\Control</Filter>
    </ClCompile>
    <ClCompile Include="UIButton.cpp">
      <Filter>源文件\Control</Filter>
    </ClCompile>
    <ClCompile Include="UICombo.cpp">
      <Filter>源文件\Control</Filter>
    </ClCompile>
    <ClCompile Include="UIEdit.cpp">
      <Filter>源文件\Control</Filter>
    </ClCompile>
    <ClCompile Include="UILabel.cpp">
      <Filter>源文件\Control</Filter>
    </ClCompile>
    <ClCompile Include="UIHorizontalLayout.cpp">
      <Filter>源文件\Layout</Filter>
    </ClCompile>
    <ClCompile Include="UIVerticalLayout.cpp">
      <Filter>源文件\Layout</Filter>
    </ClCompile>
    <ClCompile Include="UITileLayout.cpp">
      <Filter>源文件\Layout</Filter>
    </ClCompile>
    <ClCompile Include="UIList.cpp">
      <Filter>源文件\Control</Filter>
    </ClCompile>
    <ClCompile Include="UIPanel.cpp">
      <Filter>源文件\Control</Filter>
    </ClCompile>
    <ClCompile Include="UITool.cpp">
      <Filter>源文件</Filter>
    </ClCompile>
    <ClCompile Include="UIDialogLayout.cpp">
      <Filter>源文件\Layout</Filter>
    </ClCompile>
    <ClCompile Include="UIDlgBuilder.cpp">
      <Filter>源文件\Core</Filter>
    </ClCompile>
  </ItemGroup>
</Project>